
Microsoft Visual Studio Solution File, Format Version 12.00
# Visual Studio Version 17
VisualStudioVersion = 17.0.32002.185
MinimumVisualStudioVersion = 10.0.40219.1
Project("{9A19103F-16F7-4668-BE54-9A1E7A4F7556}") = "LabelLibrary", "LabelLibrary\LabelLibrary.csproj", "{91B64439-F5AC-453E-BD4F-0A40A4C37CF9}"
EndProject
Project("{9A19103F-16F7-4668-BE54-9A1E7A4F7556}") = "LabelEditor", "LabelEditor\LabelEditor.csproj", "{CBBEF055-69AF-47A9-BB40-38F861B9435E}"
EndProject
Project("{2150E333-8FDC-42A3-9474-1A3956D46DE8}") = "Solution Items", "Solution Items", "{8F839206-4743-4556-BEEB-21481E8A1CFC}"
	ProjectSection(SolutionItems) = preProject
		README.md = README.md
	EndProjectSection
EndProject
Project("{2150E333-8FDC-42A3-9474-1A3956D46DE8}") = "SampleFiles", "SampleFiles", "{C2C5022C-C785-4060-810A-E40ECA373937}"
	ProjectSection(SolutionItems) = preProject
		SampleFiles\MatasABHLabelFile_da-DK.xml = SampleFiles\MatasABHLabelFile_da-DK.xml
		SampleFiles\MatasABHLabelFile_da.xml = SampleFiles\MatasABHLabelFile_da.xml
		SampleFiles\MatasABHLabelFile_en-US.xml = SampleFiles\MatasABHLabelFile_en-US.xml
		SampleFiles\MatasBSIVLabelfile_da.xml = SampleFiles\MatasBSIVLabelfile_da.xml
		SampleFiles\MatasBSIVLabelfile_en-US.xml = SampleFiles\MatasBSIVLabelfile_en-US.xml
		SampleFiles\MatasFLM_da.xml = SampleFiles\MatasFLM_da.xml
		SampleFiles\MatasFLM_en-US.xml = SampleFiles\MatasFLM_en-US.xml
		SampleFiles\MatasFVP_da.xml = SampleFiles\MatasFVP_da.xml
		SampleFiles\MatasFVP_en-US.xml = SampleFiles\MatasFVP_en-US.xml
		SampleFiles\MatasJdyLabelFile_da-DK.xml = SampleFiles\MatasJdyLabelFile_da-DK.xml
		SampleFiles\MatasJdyLabelFile_da.xml = SampleFiles\MatasJdyLabelFile_da.xml
		SampleFiles\MatasJdyLabelFile_en-US.xml = SampleFiles\MatasJdyLabelFile_en-US.xml
		SampleFiles\MatasNcpLabelFile_da.xml = SampleFiles\MatasNcpLabelFile_da.xml
		SampleFiles\MatasNcpLabelFile_en-US.xml = SampleFiles\MatasNcpLabelFile_en-US.xml
		SampleFiles\MatasNKALabelFile_da.xml = SampleFiles\MatasNKALabelFile_da.xml
		SampleFiles\MatasNKALabelFile_en-US.xml = SampleFiles\MatasNKALabelFile_en-US.xml
		SampleFiles\MatasPoe_da.xml = SampleFiles\MatasPoe_da.xml
		SampleFiles\MatasPoe_en-US.xml = SampleFiles\MatasPoe_en-US.xml
		SampleFiles\MatasTSALabelFile_da.xml = SampleFiles\MatasTSALabelFile_da.xml
		SampleFiles\MatasTSALabelFile_en-US.xml = SampleFiles\MatasTSALabelFile_en-US.xml
		SampleFiles\SCA_da.xml = SampleFiles\SCA_da.xml
		SampleFiles\SCA_de.xml = SampleFiles\SCA_de.xml
		SampleFiles\SCA_en-US.xml = SampleFiles\SCA_en-US.xml
		SampleFiles\SCA_fi.xml = SampleFiles\SCA_fi.xml
		SampleFiles\SCA_nl.xml = SampleFiles\SCA_nl.xml
		SampleFiles\SCA_no.xml = SampleFiles\SCA_no.xml
		SampleFiles\SCA_sv.xml = SampleFiles\SCA_sv.xml
	EndProjectSection
EndProject
Global
	GlobalSection(SolutionConfigurationPlatforms) = preSolution
		Debug|Any CPU = Debug|Any CPU
		Release|Any CPU = Release|Any CPU
	EndGlobalSection
	GlobalSection(ProjectConfigurationPlatforms) = postSolution
		{91B64439-F5AC-453E-BD4F-0A40A4C37CF9}.Debug|Any CPU.ActiveCfg = Debug|Any CPU
		{91B64439-F5AC-453E-BD4F-0A40A4C37CF9}.Debug|Any CPU.Build.0 = Debug|Any CPU
		{91B64439-F5AC-453E-BD4F-0A40A4C37CF9}.Release|Any CPU.ActiveCfg = Release|Any CPU
		{91B64439-F5AC-453E-BD4F-0A40A4C37CF9}.Release|Any CPU.Build.0 = Release|Any CPU
		{CBBEF055-69AF-47A9-BB40-38F861B9435E}.Debug|Any CPU.ActiveCfg = Debug|Any CPU
		{CBBEF055-69AF-47A9-BB40-38F861B9435E}.Debug|Any CPU.Build.0 = Debug|Any CPU
		{CBBEF055-69AF-47A9-BB40-38F861B9435E}.Release|Any CPU.ActiveCfg = Release|Any CPU
		{CBBEF055-69AF-47A9-BB40-38F861B9435E}.Release|Any CPU.Build.0 = Release|Any CPU
	EndGlobalSection
	GlobalSection(SolutionProperties) = preSolution
		HideSolutionNode = FALSE
	EndGlobalSection
	GlobalSection(ExtensibilityGlobals) = postSolution
		SolutionGuid = {725DFD1C-B800-439D-BC0A-C0F1A8CB36C4}
	EndGlobalSection
EndGlobal
